
Microsoft Visual Studio Solution File, Format Version 12.00
# Visual Studio 2013
VisualStudioVersion = 12.0.30723.0
MinimumVisualStudioVersion = 10.0.40219.1
Project("{FAE04EC0-301F-11D3-BF4B-00C04F79EFBC}") = "01.Decimal To Binary", "Decimal To Binary\01.Decimal To Binary.csproj", "{E04D7F5D-D9AA-4498-9386-414CB33D46B2}"
EndProject
Project("{FAE04EC0-301F-11D3-BF4B-00C04F79EFBC}") = "02.Binary To Decimal", "Binary To Decimal\02.Binary To Decimal.csproj", "{1457B6B1-BD2C-4D3A-98F7-118292B5B54D}"
EndProject
Project("{FAE04EC0-301F-11D3-BF4B-00C04F79EFBC}") = "03.DecimalToHexadecimal", "DecimalToHexadecimal\03.DecimalToHexadecimal.csproj", "{26EE257B-B620-4EA6-BB9E-5B7428EEE43C}"
EndProject
Project("{FAE04EC0-301F-11D3-BF4B-00C04F79EFBC}") = "04.Hexadecimal To Decimal", "Hexadecimal To Decimal\04.Hexadecimal To Decimal.csproj", "{8489862A-28CE-4CC7-8E64-227D55AAE98C}"
EndProject
Project("{FAE04EC0-301F-11D3-BF4B-00C04F79EFBC}") = "05.Hexadecimal To Binary", "Hexadecimal To Binary\05.Hexadecimal To Binary.csproj", "{3937DA8A-7763-48B7-A679-4ABAFF27A2A3}"
EndProject
Project("{FAE04EC0-301F-11D3-BF4B-00C04F79EFBC}") = "06.BinaryToHexadecimal", "BinaryToHexadecimal\06.BinaryToHexadecimal.csproj", "{13F982DF-A3BC-4AAE-8710-164C93B40B4A}"
EndProject
Project("{FAE04EC0-301F-11D3-BF4B-00C04F79EFBC}") = "07.One System To Any Other", "One System To Any Other\07.One System To Any Other.csproj", "{C416E167-B4FD-400C-9482-82DF8A51D830}"
EndProject
Project("{FAE04EC0-301F-11D3-BF4B-00C04F79EFBC}") = "08.Binary Short", "Binary Short\08.Binary Short.csproj", "{F621A8C2-E8B2-4BD0-AB73-214C55B0EE46}"
EndProject
Global
	GlobalSection(SolutionConfigurationPlatforms) = preSolution
		Debug|Any CPU = Debug|Any CPU
		Release|Any CPU = Release|Any CPU
	EndGlobalSection
	GlobalSection(ProjectConfigurationPlatforms) = postSolution
		{E04D7F5D-D9AA-4498-9386-414CB33D46B2}.Debug|Any CPU.ActiveCfg = Debug|Any CPU
		{E04D7F5D-D9AA-4498-9386-414CB33D46B2}.Debug|Any CPU.Build.0 = Debug|Any CPU
		{E04D7F5D-D9AA-4498-9386-414CB33D46B2}.Release|Any CPU.ActiveCfg = Release|Any CPU
		{E04D7F5D-D9AA-4498-9386-414CB33D46B2}.Release|Any CPU.Build.0 = Release|Any CPU
		{1457B6B1-BD2C-4D3A-98F7-118292B5B54D}.Debug|Any CPU.ActiveCfg = Debug|Any CPU
		{1457B6B1-BD2C-4D3A-98F7-118292B5B54D}.Debug|Any CPU.Build.0 = Debug|Any CPU
		{1457B6B1-BD2C-4D3A-98F7-118292B5B54D}.Release|Any CPU.ActiveCfg = Release|Any CPU
		{1457B6B1-BD2C-4D3A-98F7-118292B5B54D}.Release|Any CPU.Build.0 = Release|Any CPU
		{26EE257B-B620-4EA6-BB9E-5B7428EEE43C}.Debug|Any CPU.ActiveCfg = Debug|Any CPU
		{26EE257B-B620-4EA6-BB9E-5B7428EEE43C}.Debug|Any CPU.Build.0 = Debug|Any CPU
		{26EE257B-B620-4EA6-BB9E-5B7428EEE43C}.Release|Any CPU.ActiveCfg = Release|Any CPU
		{26EE257B-B620-4EA6-BB9E-5B7428EEE43C}.Release|Any CPU.Build.0 = Release|Any CPU
		{8489862A-28CE-4CC7-8E64-227D55AAE98C}.Debug|Any CPU.ActiveCfg = Debug|Any CPU
		{8489862A-28CE-4CC7-8E64-227D55AAE98C}.Debug|Any CPU.Build.0 = Debug|Any CPU
		{8489862A-28CE-4CC7-8E64-227D55AAE98C}.Release|Any CPU.ActiveCfg = Release|Any CPU
		{8489862A-28CE-4CC7-8E64-227D55AAE98C}.Release|Any CPU.Build.0 = Release|Any CPU
		{3937DA8A-7763-48B7-A679-4ABAFF27A2A3}.Debug|Any CPU.ActiveCfg = Debug|Any CPU
		{3937DA8A-7763-48B7-A679-4ABAFF27A2A3}.Debug|Any CPU.Build.0 = Debug|Any CPU
		{3937DA8A-7763-48B7-A679-4ABAFF27A2A3}.Release|Any CPU.ActiveCfg = Release|Any CPU
		{3937DA8A-7763-48B7-A679-4ABAFF27A2A3}.Release|Any CPU.Build.0 = Release|Any CPU
		{13F982DF-A3BC-4AAE-8710-164C93B40B4A}.Debug|Any CPU.ActiveCfg = Debug|Any CPU
		{13F982DF-A3BC-4AAE-8710-164C93B40B4A}.Debug|Any CPU.Build.0 = Debug|Any CPU
		{13F982DF-A3BC-4AAE-8710-164C93B40B4A}.Release|Any CPU.ActiveCfg = Release|Any CPU
		{13F982DF-A3BC-4AAE-8710-164C93B40B4A}.Release|Any CPU.Build.0 = Release|Any CPU
		{C416E167-B4FD-400C-9482-82DF8A51D830}.Debug|Any CPU.ActiveCfg = Debug|Any CPU
		{C416E167-B4FD-400C-9482-82DF8A51D830}.Debug|Any CPU.Build.0 = Debug|Any CPU
		{C416E167-B4FD-400C-9482-82DF8A51D830}.Release|Any CPU.ActiveCfg = Release|Any CPU
		{C416E167-B4FD-400C-9482-82DF8A51D830}.Release|Any CPU.Build.0 = Release|Any CPU
		{F621A8C2-E8B2-4BD0-AB73-214C55B0EE46}.Debug|Any CPU.ActiveCfg = Debug|Any CPU
		{F621A8C2-E8B2-4BD0-AB73-214C55B0EE46}.Debug|Any CPU.Build.0 = Debug|Any CPU
		{F621A8C2-E8B2-4BD0-AB73-214C55B0EE46}.Release|Any CPU.ActiveCfg = Release|Any CPU
		{F621A8C2-E8B2-4BD0-AB73-214C55B0EE46}.Release|Any CPU.Build.0 = Release|Any CPU
	EndGlobalSection
	GlobalSection(SolutionProperties) = preSolution
		HideSolutionNode = FALSE
	EndGlobalSection
EndGlobal
