
Microsoft Visual Studio Solution File, Format Version 12.00
# Visual Studio 2013
VisualStudioVersion = 12.0.30723.0
MinimumVisualStudioVersion = 10.0.40219.1
Project("{FAE04EC0-301F-11D3-BF4B-00C04F79EFBC}") = "01.Fill The Matrix", "Fill The Matrix\01.Fill The Matrix.csproj", "{C4D4E698-2FF0-43E7-9401-4DE74CD551AA}"
EndProject
Project("{FAE04EC0-301F-11D3-BF4B-00C04F79EFBC}") = "02.Maximal Sum", "Maximal Sum\02.Maximal Sum.csproj", "{9634A0AC-DD43-4FFB-BE40-C31039FA652F}"
EndProject
Project("{FAE04EC0-301F-11D3-BF4B-00C04F79EFBC}") = "03.Sequence N Matrix", "Sequence N Matrix\03.Sequence N Matrix.csproj", "{C6790C48-ADF4-44A3-95AE-DD78EDE00E9A}"
EndProject
Project("{FAE04EC0-301F-11D3-BF4B-00C04F79EFBC}") = "04.Binary Search", "Binary Search\04.Binary Search.csproj", "{81C599AA-5D3F-4F3D-A8C4-3863E6ABFD45}"
EndProject
Project("{FAE04EC0-301F-11D3-BF4B-00C04F79EFBC}") = "05.Sort By String Length", "Sort By String Length\05.Sort By String Length.csproj", "{FB06E5AB-9DCB-4D36-9F65-AFA40B3D816D}"
EndProject
Global
	GlobalSection(SolutionConfigurationPlatforms) = preSolution
		Debug|Any CPU = Debug|Any CPU
		Release|Any CPU = Release|Any CPU
	EndGlobalSection
	GlobalSection(ProjectConfigurationPlatforms) = postSolution
		{C4D4E698-2FF0-43E7-9401-4DE74CD551AA}.Debug|Any CPU.ActiveCfg = Debug|Any CPU
		{C4D4E698-2FF0-43E7-9401-4DE74CD551AA}.Debug|Any CPU.Build.0 = Debug|Any CPU
		{C4D4E698-2FF0-43E7-9401-4DE74CD551AA}.Release|Any CPU.ActiveCfg = Release|Any CPU
		{C4D4E698-2FF0-43E7-9401-4DE74CD551AA}.Release|Any CPU.Build.0 = Release|Any CPU
		{9634A0AC-DD43-4FFB-BE40-C31039FA652F}.Debug|Any CPU.ActiveCfg = Debug|Any CPU
		{9634A0AC-DD43-4FFB-BE40-C31039FA652F}.Debug|Any CPU.Build.0 = Debug|Any CPU
		{9634A0AC-DD43-4FFB-BE40-C31039FA652F}.Release|Any CPU.ActiveCfg = Release|Any CPU
		{9634A0AC-DD43-4FFB-BE40-C31039FA652F}.Release|Any CPU.Build.0 = Release|Any CPU
		{C6790C48-ADF4-44A3-95AE-DD78EDE00E9A}.Debug|Any CPU.ActiveCfg = Debug|Any CPU
		{C6790C48-ADF4-44A3-95AE-DD78EDE00E9A}.Debug|Any CPU.Build.0 = Debug|Any CPU
		{C6790C48-ADF4-44A3-95AE-DD78EDE00E9A}.Release|Any CPU.ActiveCfg = Release|Any CPU
		{C6790C48-ADF4-44A3-95AE-DD78EDE00E9A}.Release|Any CPU.Build.0 = Release|Any CPU
		{81C599AA-5D3F-4F3D-A8C4-3863E6ABFD45}.Debug|Any CPU.ActiveCfg = Debug|Any CPU
		{81C599AA-5D3F-4F3D-A8C4-3863E6ABFD45}.Debug|Any CPU.Build.0 = Debug|Any CPU
		{81C599AA-5D3F-4F3D-A8C4-3863E6ABFD45}.Release|Any CPU.ActiveCfg = Release|Any CPU
		{81C599AA-5D3F-4F3D-A8C4-3863E6ABFD45}.Release|Any CPU.Build.0 = Release|Any CPU
		{FB06E5AB-9DCB-4D36-9F65-AFA40B3D816D}.Debug|Any CPU.ActiveCfg = Debug|Any CPU
		{FB06E5AB-9DCB-4D36-9F65-AFA40B3D816D}.Debug|Any CPU.Build.0 = Debug|Any CPU
		{FB06E5AB-9DCB-4D36-9F65-AFA40B3D816D}.Release|Any CPU.ActiveCfg = Release|Any CPU
		{FB06E5AB-9DCB-4D36-9F65-AFA40B3D816D}.Release|Any CPU.Build.0 = Release|Any CPU
	EndGlobalSection
	GlobalSection(SolutionProperties) = preSolution
		HideSolutionNode = FALSE
	EndGlobalSection
EndGlobal
