
Microsoft Visual Studio Solution File, Format Version 12.00
# Visual Studio 2013
VisualStudioVersion = 12.0.30723.0
MinimumVisualStudioVersion = 10.0.40219.1
Project("{FAE04EC0-301F-11D3-BF4B-00C04F79EFBC}") = "Printing", "Printing\Printing.csproj", "{CF8DBB1F-06CC-4ACE-B2AC-AB5DC86AEA51}"
EndProject
Project("{FAE04EC0-301F-11D3-BF4B-00C04F79EFBC}") = "Text to Number", "Text to Number\Text to Number.csproj", "{B46933ED-3F82-4F03-A439-7398738E08E9}"
EndProject
Project("{FAE04EC0-301F-11D3-BF4B-00C04F79EFBC}") = "Saddy Kopper", "Saddy Kopper\Saddy Kopper.csproj", "{29B77FBD-A7C6-4E44-9F14-C20B66A837E5}"
EndProject
Project("{FAE04EC0-301F-11D3-BF4B-00C04F79EFBC}") = "Cube", "Cube\Cube.csproj", "{40F64FF5-8FBF-4638-98CA-505685CCAEC2}"
EndProject
Project("{FAE04EC0-301F-11D3-BF4B-00C04F79EFBC}") = "Bits to Bits", "Bits to Bits\Bits to Bits.csproj", "{9CB32C90-336E-4B39-A6E8-398AD5F986E5}"
EndProject
Global
	GlobalSection(SolutionConfigurationPlatforms) = preSolution
		Debug|Any CPU = Debug|Any CPU
		Release|Any CPU = Release|Any CPU
	EndGlobalSection
	GlobalSection(ProjectConfigurationPlatforms) = postSolution
		{CF8DBB1F-06CC-4ACE-B2AC-AB5DC86AEA51}.Debug|Any CPU.ActiveCfg = Debug|Any CPU
		{CF8DBB1F-06CC-4ACE-B2AC-AB5DC86AEA51}.Debug|Any CPU.Build.0 = Debug|Any CPU
		{CF8DBB1F-06CC-4ACE-B2AC-AB5DC86AEA51}.Release|Any CPU.ActiveCfg = Release|Any CPU
		{CF8DBB1F-06CC-4ACE-B2AC-AB5DC86AEA51}.Release|Any CPU.Build.0 = Release|Any CPU
		{B46933ED-3F82-4F03-A439-7398738E08E9}.Debug|Any CPU.ActiveCfg = Debug|Any CPU
		{B46933ED-3F82-4F03-A439-7398738E08E9}.Debug|Any CPU.Build.0 = Debug|Any CPU
		{B46933ED-3F82-4F03-A439-7398738E08E9}.Release|Any CPU.ActiveCfg = Release|Any CPU
		{B46933ED-3F82-4F03-A439-7398738E08E9}.Release|Any CPU.Build.0 = Release|Any CPU
		{29B77FBD-A7C6-4E44-9F14-C20B66A837E5}.Debug|Any CPU.ActiveCfg = Debug|Any CPU
		{29B77FBD-A7C6-4E44-9F14-C20B66A837E5}.Debug|Any CPU.Build.0 = Debug|Any CPU
		{29B77FBD-A7C6-4E44-9F14-C20B66A837E5}.Release|Any CPU.ActiveCfg = Release|Any CPU
		{29B77FBD-A7C6-4E44-9F14-C20B66A837E5}.Release|Any CPU.Build.0 = Release|Any CPU
		{40F64FF5-8FBF-4638-98CA-505685CCAEC2}.Debug|Any CPU.ActiveCfg = Debug|Any CPU
		{40F64FF5-8FBF-4638-98CA-505685CCAEC2}.Debug|Any CPU.Build.0 = Debug|Any CPU
		{40F64FF5-8FBF-4638-98CA-505685CCAEC2}.Release|Any CPU.ActiveCfg = Release|Any CPU
		{40F64FF5-8FBF-4638-98CA-505685CCAEC2}.Release|Any CPU.Build.0 = Release|Any CPU
		{9CB32C90-336E-4B39-A6E8-398AD5F986E5}.Debug|Any CPU.ActiveCfg = Debug|Any CPU
		{9CB32C90-336E-4B39-A6E8-398AD5F986E5}.Debug|Any CPU.Build.0 = Debug|Any CPU
		{9CB32C90-336E-4B39-A6E8-398AD5F986E5}.Release|Any CPU.ActiveCfg = Release|Any CPU
		{9CB32C90-336E-4B39-A6E8-398AD5F986E5}.Release|Any CPU.Build.0 = Release|Any CPU
	EndGlobalSection
	GlobalSection(SolutionProperties) = preSolution
		HideSolutionNode = FALSE
	EndGlobalSection
EndGlobal
