
Microsoft Visual Studio Solution File, Format Version 12.00
# Visual Studio 14
VisualStudioVersion = 14.0.23107.0
MinimumVisualStudioVersion = 10.0.40219.1
Project("{FAE04EC0-301F-11D3-BF4B-00C04F79EFBC}") = "StudentSystem.Models", "StudentSystem.Models\StudentSystem.Models.csproj", "{B5866B9D-B08B-4228-A53C-195A42B208B1}"
EndProject
Project("{FAE04EC0-301F-11D3-BF4B-00C04F79EFBC}") = "StudentSystem.Data", "StudentsSystem.Data\StudentSystem.Data.csproj", "{2235A45C-6B4C-4A33-B941-1B160B050167}"
EndProject
Project("{FAE04EC0-301F-11D3-BF4B-00C04F79EFBC}") = "StudentSystem.ConsoleClient", "StudentSystem.ConsoleClient\StudentSystem.ConsoleClient.csproj", "{DF19EF9C-5FEC-428F-ACC2-AF8402B388BF}"
EndProject
Global
	GlobalSection(SolutionConfigurationPlatforms) = preSolution
		Debug|Any CPU = Debug|Any CPU
		Release|Any CPU = Release|Any CPU
	EndGlobalSection
	GlobalSection(ProjectConfigurationPlatforms) = postSolution
		{B5866B9D-B08B-4228-A53C-195A42B208B1}.Debug|Any CPU.ActiveCfg = Debug|Any CPU
		{B5866B9D-B08B-4228-A53C-195A42B208B1}.Debug|Any CPU.Build.0 = Debug|Any CPU
		{B5866B9D-B08B-4228-A53C-195A42B208B1}.Release|Any CPU.ActiveCfg = Release|Any CPU
		{B5866B9D-B08B-4228-A53C-195A42B208B1}.Release|Any CPU.Build.0 = Release|Any CPU
		{2235A45C-6B4C-4A33-B941-1B160B050167}.Debug|Any CPU.ActiveCfg = Debug|Any CPU
		{2235A45C-6B4C-4A33-B941-1B160B050167}.Debug|Any CPU.Build.0 = Debug|Any CPU
		{2235A45C-6B4C-4A33-B941-1B160B050167}.Release|Any CPU.ActiveCfg = Release|Any CPU
		{2235A45C-6B4C-4A33-B941-1B160B050167}.Release|Any CPU.Build.0 = Release|Any CPU
		{DF19EF9C-5FEC-428F-ACC2-AF8402B388BF}.Debug|Any CPU.ActiveCfg = Debug|Any CPU
		{DF19EF9C-5FEC-428F-ACC2-AF8402B388BF}.Debug|Any CPU.Build.0 = Debug|Any CPU
		{DF19EF9C-5FEC-428F-ACC2-AF8402B388BF}.Release|Any CPU.ActiveCfg = Release|Any CPU
		{DF19EF9C-5FEC-428F-ACC2-AF8402B388BF}.Release|Any CPU.Build.0 = Release|Any CPU
	EndGlobalSection
	GlobalSection(SolutionProperties) = preSolution
		HideSolutionNode = FALSE
	EndGlobalSection
EndGlobal
